
Microsoft Visual Studio Solution File, Format Version 12.00
# Visual Studio Version 17
VisualStudioVersion = 17.2.32505.173
MinimumVisualStudioVersion = 10.0.40219.1
Project("{FAE04EC0-301F-11D3-BF4B-00C04F79EFBC}") = "P_Layer", "VITLA\P_Layer.csproj", "{7216EF1B-1061-4873-B388-5393E3DA0EB8}"
EndProject
Project("{FAE04EC0-301F-11D3-BF4B-00C04F79EFBC}") = "ELayer", "ELayer\ELayer.csproj", "{3191653A-F588-4CB1-9E0C-05CBFC86753F}"
EndProject
Project("{FAE04EC0-301F-11D3-BF4B-00C04F79EFBC}") = "NLayer", "NLayer\NLayer.csproj", "{CF9661AE-E245-4861-ADB7-2EBEC1537A19}"
EndProject
Project("{FAE04EC0-301F-11D3-BF4B-00C04F79EFBC}") = "DLayer", "DLayer\DLayer.csproj", "{0E2A2EA5-E7E4-4ABE-972D-FB758F5ED8EE}"
EndProject
Global
	GlobalSection(SolutionConfigurationPlatforms) = preSolution
		Debug|Any CPU = Debug|Any CPU
		Release|Any CPU = Release|Any CPU
	EndGlobalSection
	GlobalSection(ProjectConfigurationPlatforms) = postSolution
		{7216EF1B-1061-4873-B388-5393E3DA0EB8}.Debug|Any CPU.ActiveCfg = Debug|Any CPU
		{7216EF1B-1061-4873-B388-5393E3DA0EB8}.Debug|Any CPU.Build.0 = Debug|Any CPU
		{7216EF1B-1061-4873-B388-5393E3DA0EB8}.Release|Any CPU.ActiveCfg = Release|Any CPU
		{7216EF1B-1061-4873-B388-5393E3DA0EB8}.Release|Any CPU.Build.0 = Release|Any CPU
		{3191653A-F588-4CB1-9E0C-05CBFC86753F}.Debug|Any CPU.ActiveCfg = Debug|Any CPU
		{3191653A-F588-4CB1-9E0C-05CBFC86753F}.Debug|Any CPU.Build.0 = Debug|Any CPU
		{3191653A-F588-4CB1-9E0C-05CBFC86753F}.Release|Any CPU.ActiveCfg = Release|Any CPU
		{3191653A-F588-4CB1-9E0C-05CBFC86753F}.Release|Any CPU.Build.0 = Release|Any CPU
		{CF9661AE-E245-4861-ADB7-2EBEC1537A19}.Debug|Any CPU.ActiveCfg = Debug|Any CPU
		{CF9661AE-E245-4861-ADB7-2EBEC1537A19}.Debug|Any CPU.Build.0 = Debug|Any CPU
		{CF9661AE-E245-4861-ADB7-2EBEC1537A19}.Release|Any CPU.ActiveCfg = Release|Any CPU
		{CF9661AE-E245-4861-ADB7-2EBEC1537A19}.Release|Any CPU.Build.0 = Release|Any CPU
		{0E2A2EA5-E7E4-4ABE-972D-FB758F5ED8EE}.Debug|Any CPU.ActiveCfg = Debug|Any CPU
		{0E2A2EA5-E7E4-4ABE-972D-FB758F5ED8EE}.Debug|Any CPU.Build.0 = Debug|Any CPU
		{0E2A2EA5-E7E4-4ABE-972D-FB758F5ED8EE}.Release|Any CPU.ActiveCfg = Release|Any CPU
		{0E2A2EA5-E7E4-4ABE-972D-FB758F5ED8EE}.Release|Any CPU.Build.0 = Release|Any CPU
	EndGlobalSection
	GlobalSection(SolutionProperties) = preSolution
		HideSolutionNode = FALSE
	EndGlobalSection
	GlobalSection(ExtensibilityGlobals) = postSolution
		SolutionGuid = {F8CFE616-C595-4214-9AFE-BB8E870E7957}
	EndGlobalSection
EndGlobal
